# THIS IS AN AUTOGENERATED FILE. DO NOT EDIT THIS FILE DIRECTLY.
# yarn lockfile v1


"@balancer-labs/v2-solidity-utils@2.0.0":
  version "2.0.0"
  resolved "https://registry.yarnpkg.com/@balancer-labs/v2-solidity-utils/-/v2-solidity-utils-2.0.0.tgz#a3d8942873b4adc216c8276d150743ede5c459ca"
  integrity sha512-OB+05vJqrs35B1d40y7tnSm6oYWnsmfRa/wpI2owJXhwx/8qr2buE+RDmT0x6Upr/c7wBdUh8v4UVk9l0+CNiA==

"@balancer-labs/v2-vault@^2.0.0":
  version "2.0.0"
  resolved "https://registry.yarnpkg.com/@balancer-labs/v2-vault/-/v2-vault-2.0.0.tgz#def6f8d4b777f421224118e473b5115f09819768"
  integrity sha512-GwPY84j6g7OY1z13wRYYGQeupb6DI3U+s22Ebg2v32djS9CnPzM04GJapURRbKZkpraUOYIcqhEF3Cm1AafAKg==
  dependencies:
    "@balancer-labs/v2-solidity-utils" "2.0.0"

"@openzeppelin/contracts@v3.4":
  version "3.4.2"
  resolved "https://registry.yarnpkg.com/@openzeppelin/contracts/-/contracts-3.4.2.tgz#d81f786fda2871d1eb8a8c5a73e455753ba53527"
  integrity sha512-z0zMCjyhhp4y7XKAcDAi3Vgms4T2PstwBdahiO0+9NaGICQKjynK3wduSRplTgk4LXmoO1yfDGO5RbjKYxtuxA==
